
Microsoft Visual Studio Solution File, Format Version 12.00
# Visual Studio Version 16
VisualStudioVersion = 16.0.31313.79
MinimumVisualStudioVersion = 10.0.40219.1
Project("{9A19103F-16F7-4668-BE54-9A1E7A4F7556}") = "CountryHolidaysWrapperAPI", "CountryHolidaysWrapperAPI\CountryHolidaysWrapperAPI.csproj", "{6515B7B6-4DEE-4BAF-977A-FB77C28BB287}"
EndProject
Project("{FAE04EC0-301F-11D3-BF4B-00C04F79EFBC}") = "CountryTestProject", "CountryTestProject\CountryTestProject.csproj", "{0FABE304-2831-4A99-9386-678CF306E556}"
EndProject
Global
	GlobalSection(SolutionConfigurationPlatforms) = preSolution
		Debug|Any CPU = Debug|Any CPU
		Release|Any CPU = Release|Any CPU
	EndGlobalSection
	GlobalSection(ProjectConfigurationPlatforms) = postSolution
		{6515B7B6-4DEE-4BAF-977A-FB77C28BB287}.Debug|Any CPU.ActiveCfg = Debug|Any CPU
		{6515B7B6-4DEE-4BAF-977A-FB77C28BB287}.Debug|Any CPU.Build.0 = Debug|Any CPU
		{6515B7B6-4DEE-4BAF-977A-FB77C28BB287}.Release|Any CPU.ActiveCfg = Release|Any CPU
		{6515B7B6-4DEE-4BAF-977A-FB77C28BB287}.Release|Any CPU.Build.0 = Release|Any CPU
		{0FABE304-2831-4A99-9386-678CF306E556}.Debug|Any CPU.ActiveCfg = Debug|Any CPU
		{0FABE304-2831-4A99-9386-678CF306E556}.Debug|Any CPU.Build.0 = Debug|Any CPU
		{0FABE304-2831-4A99-9386-678CF306E556}.Release|Any CPU.ActiveCfg = Release|Any CPU
		{0FABE304-2831-4A99-9386-678CF306E556}.Release|Any CPU.Build.0 = Release|Any CPU
	EndGlobalSection
	GlobalSection(SolutionProperties) = preSolution
		HideSolutionNode = FALSE
	EndGlobalSection
	GlobalSection(ExtensibilityGlobals) = postSolution
		SolutionGuid = {695115A2-7366-45F5-A98D-E7C22CEAF0C4}
	EndGlobalSection
EndGlobal
